
Microsoft Visual Studio Solution File, Format Version 12.00
# Visual Studio Version 17
VisualStudioVersion = 17.10.35004.147
MinimumVisualStudioVersion = 10.0.40219.1
Project("{9A19103F-16F7-4668-BE54-9A1E7A4F7556}") = "chakish 2.0 api", "chakish 2.0 api\chakish 2.0 api.csproj", "{F8EB0F92-04CF-4FAB-9DC8-A0F6E5D947E4}"
EndProject
Global
	GlobalSection(SolutionConfigurationPlatforms) = preSolution
		Debug|Any CPU = Debug|Any CPU
		Release|Any CPU = Release|Any CPU
	EndGlobalSection
	GlobalSection(ProjectConfigurationPlatforms) = postSolution
		{F8EB0F92-04CF-4FAB-9DC8-A0F6E5D947E4}.Debug|Any CPU.ActiveCfg = Debug|Any CPU
		{F8EB0F92-04CF-4FAB-9DC8-A0F6E5D947E4}.Debug|Any CPU.Build.0 = Debug|Any CPU
		{F8EB0F92-04CF-4FAB-9DC8-A0F6E5D947E4}.Release|Any CPU.ActiveCfg = Release|Any CPU
		{F8EB0F92-04CF-4FAB-9DC8-A0F6E5D947E4}.Release|Any CPU.Build.0 = Release|Any CPU
	EndGlobalSection
	GlobalSection(SolutionProperties) = preSolution
		HideSolutionNode = FALSE
	EndGlobalSection
	GlobalSection(ExtensibilityGlobals) = postSolution
		SolutionGuid = {DB63D6D3-E569-4B50-ACA8-B5FE5C2C52AA}
	EndGlobalSection
EndGlobal
